// !$*UTF8*$!
{
	archiveVersion = 1;
	classes = {
	};
	objectVersion = 56;
	objects = {

/* Begin PBXBuildFile section */
		AB4A88302A7BBB4D00F95E3B /* Roll_DiceApp.swift in Sources */ = {isa = PBXBuildFile; fileRef = AB4A882F2A7BBB4D00F95E3B /* Roll_DiceApp.swift */; };
		AB4A88322A7BBB4D00F95E3B /* ContentView.swift in Sources */ = {isa = PBXBuildFile; fileRef = AB4A88312A7BBB4D00F95E3B /* ContentView.swift */; };
		AB4A88342A7BBB5200F95E3B /* Assets.xcassets in Resources */ = {isa = PBXBuildFile; fileRef = AB4A88332A7BBB5200F95E3B /* Assets.xcassets */; };
		AB4A88372A7BBB5200F95E3B /* Preview Assets.xcassets in Resources */ = {isa = PBXBuildFile; fileRef = AB4A88362A7BBB5200F95E3B /* Preview Assets.xcassets */; };
		AB4A88402A7BC02200F95E3B /* HistoryView.swift in Sources */ = {isa = PBXBuildFile; fileRef = AB4A883F2A7BC02200F95E3B /* HistoryView.swift */; };
		AB4A88422A7BC08800F95E3B /* RollView.swift in Sources */ = {isa = PBXBuildFile; fileRef = AB4A88412A7BC08800F95E3B /* RollView.swift */; };
		AB4A88462A7BD29600F95E3B /* DiceResultView.swift in Sources */ = {isa = PBXBuildFile; fileRef = AB4A88452A7BD29600F95E3B /* DiceResultView.swift */; };
		AB4A88482A7BD5B100F95E3B /* History.swift in Sources */ = {isa = PBXBuildFile; fileRef = AB4A88472A7BD5B100F95E3B /* History.swift */; };
		AB4A884A2A7BD71B00F95E3B /* FileManager-Extensions.swift in Sources */ = {isa = PBXBuildFile; fileRef = AB4A88492A7BD71B00F95E3B /* FileManager-Extensions.swift */; };
		AB4A884C2A7BF97100F95E3B /* Date-Extensions.swift in Sources */ = {isa = PBXBuildFile; fileRef = AB4A884B2A7BF97100F95E3B /* Date-Extensions.swift */; };
		AB4A884E2A7BFAFE00F95E3B /* Array-Extensions.swift in Sources */ = {isa = PBXBuildFile; fileRef = AB4A884D2A7BFAFE00F95E3B /* Array-Extensions.swift */; };
		AB4A88502A7CB7A700F95E3B /* NumberItem.swift in Sources */ = {isa = PBXBuildFile; fileRef = AB4A884F2A7CB7A700F95E3B /* NumberItem.swift */; };
/* End PBXBuildFile section */

/* Begin PBXFileReference section */
		AB4A882C2A7BBB4D00F95E3B /* Roll Dice.app */ = {isa = PBXFileReference; explicitFileType = wrapper.application; includeInIndex = 0; path = "Roll Dice.app"; sourceTree = BUILT_PRODUCTS_DIR; };
		AB4A882F2A7BBB4D00F95E3B /* Roll_DiceApp.swift */ = {isa = PBXFileReference; lastKnownFileType = sourcecode.swift; path = Roll_DiceApp.swift; sourceTree = "<group>"; };
		AB4A88312A7BBB4D00F95E3B /* ContentView.swift */ = {isa = PBXFileReference; lastKnownFileType = sourcecode.swift; path = ContentView.swift; sourceTree = "<group>"; };
		AB4A88332A7BBB5200F95E3B /* Assets.xcassets */ = {isa = PBXFileReference; lastKnownFileType = folder.assetcatalog; path = Assets.xcassets; sourceTree = "<group>"; };
		AB4A88362A7BBB5200F95E3B /* Preview Assets.xcassets */ = {isa = PBXFileReference; lastKnownFileType = folder.assetcatalog; path = "Preview Assets.xcassets"; sourceTree = "<group>"; };
		AB4A883F2A7BC02200F95E3B /* HistoryView.swift */ = {isa = PBXFileReference; lastKnownFileType = sourcecode.swift; path = HistoryView.swift; sourceTree = "<group>"; };
		AB4A88412A7BC08800F95E3B /* RollView.swift */ = {isa = PBXFileReference; lastKnownFileType = sourcecode.swift; path = RollView.swift; sourceTree = "<group>"; };
		AB4A88452A7BD29600F95E3B /* DiceResultView.swift */ = {isa = PBXFileReference; lastKnownFileType = sourcecode.swift; path = DiceResultView.swift; sourceTree = "<group>"; };
		AB4A88472A7BD5B100F95E3B /* History.swift */ = {isa = PBXFileReference; lastKnownFileType = sourcecode.swift; path = History.swift; sourceTree = "<group>"; };
		AB4A88492A7BD71B00F95E3B /* FileManager-Extensions.swift */ = {isa = PBXFileReference; lastKnownFileType = sourcecode.swift; path = "FileManager-Extensions.swift"; sourceTree = "<group>"; };
		AB4A884B2A7BF97100F95E3B /* Date-Extensions.swift */ = {isa = PBXFileReference; lastKnownFileType = sourcecode.swift; path = "Date-Extensions.swift"; sourceTree = "<group>"; };
		AB4A884D2A7BFAFE00F95E3B /* Array-Extensions.swift */ = {isa = PBXFileReference; lastKnownFileType = sourcecode.swift; path = "Array-Extensions.swift"; sourceTree = "<group>"; };
		AB4A884F2A7CB7A700F95E3B /* NumberItem.swift */ = {isa = PBXFileReference; lastKnownFileType = sourcecode.swift; path = NumberItem.swift; sourceTree = "<group>"; };
/* End PBXFileReference section */

/* Begin PBXFrameworksBuildPhase section */
		AB4A88292A7BBB4D00F95E3B /* Frameworks */ = {
			isa = PBXFrameworksBuildPhase;
			buildActionMask = 2147483647;
			files = (
			);
			runOnlyForDeploymentPostprocessing = 0;
		};
/* End PBXFrameworksBuildPhase section */

/* Begin PBXGroup section */
		AB4A88232A7BBB4C00F95E3B = {
			isa = PBXGroup;
			children = (
				AB4A882E2A7BBB4D00F95E3B /* Roll Dice */,
				AB4A882D2A7BBB4D00F95E3B /* Products */,
			);
			sourceTree = "<group>";
		};
		AB4A882D2A7BBB4D00F95E3B /* Products */ = {
			isa = PBXGroup;
			children = (
				AB4A882C2A7BBB4D00F95E3B /* Roll Dice.app */,
			);
			name = Products;
			sourceTree = "<group>";
		};
		AB4A882E2A7BBB4D00F95E3B /* Roll Dice */ = {
			isa = PBXGroup;
			children = (
				AB4A882F2A7BBB4D00F95E3B /* Roll_DiceApp.swift */,
				AB4A88312A7BBB4D00F95E3B /* ContentView.swift */,
				AB4A883F2A7BC02200F95E3B /* HistoryView.swift */,
				AB4A88412A7BC08800F95E3B /* RollView.swift */,
				AB4A88452A7BD29600F95E3B /* DiceResultView.swift */,
				AB4A88472A7BD5B100F95E3B /* History.swift */,
				AB4A884F2A7CB7A700F95E3B /* NumberItem.swift */,
				AB4A88492A7BD71B00F95E3B /* FileManager-Extensions.swift */,
				AB4A884D2A7BFAFE00F95E3B /* Array-Extensions.swift */,
				AB4A884B2A7BF97100F95E3B /* Date-Extensions.swift */,
				AB4A88332A7BBB5200F95E3B /* Assets.xcassets */,
				AB4A88352A7BBB5200F95E3B /* Preview Content */,
			);
			path = "Roll Dice";
			sourceTree = "<group>";
		};
		AB4A88352A7BBB5200F95E3B /* Preview Content */ = {
			isa = PBXGroup;
			children = (
				AB4A88362A7BBB5200F95E3B /* Preview Assets.xcassets */,
			);
			path = "Preview Content";
			sourceTree = "<group>";
		};
/* End PBXGroup section */

/* Begin PBXNativeTarget section */
		AB4A882B2A7BBB4D00F95E3B /* Roll Dice */ = {
			isa = PBXNativeTarget;
			buildConfigurationList = AB4A883A2A7BBB5200F95E3B /* Build configuration list for PBXNativeTarget "Roll Dice" */;
			buildPhases = (
				AB4A88282A7BBB4D00F95E3B /* Sources */,
				AB4A88292A7BBB4D00F95E3B /* Frameworks */,
				AB4A882A2A7BBB4D00F95E3B /* Resources */,
			);
			buildRules = (
			);
			dependencies = (
			);
			name = "Roll Dice";
			productName = "Roll Dice";
			productReference = AB4A882C2A7BBB4D00F95E3B /* Roll Dice.app */;
			productType = "com.apple.product-type.application";
		};
/* End PBXNativeTarget section */

/* Begin PBXProject section */
		AB4A88242A7BBB4D00F95E3B /* Project object */ = {
			isa = PBXProject;
			attributes = {
				BuildIndependentTargetsInParallel = 1;
				LastSwiftUpdateCheck = 1430;
				LastUpgradeCheck = 1430;
				TargetAttributes = {
					AB4A882B2A7BBB4D00F95E3B = {
						CreatedOnToolsVersion = 14.3;
					};
				};
			};
			buildConfigurationList = AB4A88272A7BBB4D00F95E3B /* Build configuration list for PBXProject "Roll Dice" */;
			compatibilityVersion = "Xcode 14.0";
			developmentRegion = en;
			hasScannedForEncodings = 0;
			knownRegions = (
				en,
				Base,
			);
			mainGroup = AB4A88232A7BBB4C00F95E3B;
			productRefGroup = AB4A882D2A7BBB4D00F95E3B /* Products */;
			projectDirPath = "";
			projectRoot = "";
			targets = (
				AB4A882B2A7BBB4D00F95E3B /* Roll Dice */,
			);
		};
/* End PBXProject section */

/* Begin PBXResourcesBuildPhase section */
		AB4A882A2A7BBB4D00F95E3B /* Resources */ = {
			isa = PBXResourcesBuildPhase;
			buildActionMask = 2147483647;
			files = (
				AB4A88372A7BBB5200F95E3B /* Preview Assets.xcassets in Resources */,
				AB4A88342A7BBB5200F95E3B /* Assets.xcassets in Resources */,
			);
			runOnlyForDeploymentPostprocessing = 0;
		};
/* End PBXResourcesBuildPhase section */

/* Begin PBXSourcesBuildPhase section */
		AB4A88282A7BBB4D00F95E3B /* Sources */ = {
			isa = PBXSourcesBuildPhase;
			buildActionMask = 2147483647;
			files = (
				AB4A884A2A7BD71B00F95E3B /* FileManager-Extensions.swift in Sources */,
				AB4A88322A7BBB4D00F95E3B /* ContentView.swift in Sources */,
				AB4A88482A7BD5B100F95E3B /* History.swift in Sources */,
				AB4A884C2A7BF97100F95E3B /* Date-Extensions.swift in Sources */,
				AB4A884E2A7BFAFE00F95E3B /* Array-Extensions.swift in Sources */,
				AB4A88462A7BD29600F95E3B /* DiceResultView.swift in Sources */,
				AB4A88422A7BC08800F95E3B /* RollView.swift in Sources */,
				AB4A88502A7CB7A700F95E3B /* NumberItem.swift in Sources */,
				AB4A88402A7BC02200F95E3B /* HistoryView.swift in Sources */,
				AB4A88302A7BBB4D00F95E3B /* Roll_DiceApp.swift in Sources */,
			);
			runOnlyForDeploymentPostprocessing = 0;
		};
/* End PBXSourcesBuildPhase section */

/* Begin XCBuildConfiguration section */
		AB4A88382A7BBB5200F95E3B /* Debug */ = {
			isa = XCBuildConfiguration;
			buildSettings = {
				ALWAYS_SEARCH_USER_PATHS = NO;
				CLANG_ANALYZER_NONNULL = YES;
				CLANG_ANALYZER_NUMBER_OBJECT_CONVERSION = YES_AGGRESSIVE;
				CLANG_CXX_LANGUAGE_STANDARD = "gnu++20";
				CLANG_ENABLE_MODULES = YES;
				CLANG_ENABLE_OBJC_ARC = YES;
				CLANG_ENABLE_OBJC_WEAK = YES;
				CLANG_WARN_BLOCK_CAPTURE_AUTORELEASING = YES;
				CLANG_WARN_BOOL_CONVERSION = YES;
				CLANG_WARN_COMMA = YES;
				CLANG_WARN_CONSTANT_CONVERSION = YES;
				CLANG_WARN_DEPRECATED_OBJC_IMPLEMENTATIONS = YES;
				CLANG_WARN_DIRECT_OBJC_ISA_USAGE = YES_ERROR;
				CLANG_WARN_DOCUMENTATION_COMMENTS = YES;
				CLANG_WARN_EMPTY_BODY = YES;
				CLANG_WARN_ENUM_CONVERSION = YES;
				CLANG_WARN_INFINITE_RECURSION = YES;
				CLANG_WARN_INT_CONVERSION = YES;
				CLANG_WARN_NON_LITERAL_NULL_CONVERSION = YES;
				CLANG_WARN_OBJC_IMPLICIT_RETAIN_SELF = YES;
				CLANG_WARN_OBJC_LITERAL_CONVERSION = YES;
				CLANG_WARN_OBJC_ROOT_CLASS = YES_ERROR;
				CLANG_WARN_QUOTED_INCLUDE_IN_FRAMEWORK_HEADER = YES;
				CLANG_WARN_RANGE_LOOP_ANALYSIS = YES;
				CLANG_WARN_STRICT_PROTOTYPES = YES;
				CLANG_WARN_SUSPICIOUS_MOVE = YES;
				CLANG_WARN_UNGUARDED_AVAILABILITY = YES_AGGRESSIVE;
				CLANG_WARN_UNREACHABLE_CODE = YES;
				CLANG_WARN__DUPLICATE_METHOD_MATCH = YES;
				COPY_PHASE_STRIP = NO;
				DEBUG_INFORMATION_FORMAT = dwarf;
				ENABLE_STRICT_OBJC_MSGSEND = YES;
				ENABLE_TESTABILITY = YES;
				GCC_C_LANGUAGE_STANDARD = gnu11;
				GCC_DYNAMIC_NO_PIC = NO;
				GCC_NO_COMMON_BLOCKS = YES;
				GCC_OPTIMIZATION_LEVEL = 0;
				GCC_PREPROCESSOR_DEFINITIONS = (
					"DEBUG=1",
					"$(inherited)",
				);
				GCC_WARN_64_TO_32_BIT_CONVERSION = YES;
				GCC_WARN_ABOUT_RETURN_TYPE = YES_ERROR;
				GCC_WARN_UNDECLARED_SELECTOR = YES;
				GCC_WARN_UNINITIALIZED_AUTOS = YES_AGGRESSIVE;
				GCC_WARN_UNUSED_FUNCTION = YES;
				GCC_WARN_UNUSED_VARIABLE = YES;
				IPHONEOS_DEPLOYMENT_TARGET = 16.4;
				MTL_ENABLE_DEBUG_INFO = INCLUDE_SOURCE;
				MTL_FAST_MATH = YES;
				ONLY_ACTIVE_ARCH = YES;
				SDKROOT = iphoneos;
				SWIFT_ACTIVE_COMPILATION_CONDITIONS = DEBUG;
				SWIFT_OPTIMIZATION_LEVEL = "-Onone";
			};
			name = Debug;
		};
		AB4A88392A7BBB5200F95E3B /* Release */ = {
			isa = XCBuildConfiguration;
			buildSettings = {
				ALWAYS_SEARCH_USER_PATHS = NO;
				CLANG_ANALYZER_NONNULL = YES;
				CLANG_ANALYZER_NUMBER_OBJECT_CONVERSION = YES_AGGRESSIVE;
				CLANG_CXX_LANGUAGE_STANDARD = "gnu++20";
				CLANG_ENABLE_MODULES = YES;
				CLANG_ENABLE_OBJC_ARC = YES;
				CLANG_ENABLE_OBJC_WEAK = YES;
				CLANG_WARN_BLOCK_CAPTURE_AUTORELEASING = YES;
				CLANG_WARN_BOOL_CONVERSION = YES;
				CLANG_WARN_COMMA = YES;
				CLANG_WARN_CONSTANT_CONVERSION = YES;
				CLANG_WARN_DEPRECATED_OBJC_IMPLEMENTATIONS = YES;
				CLANG_WARN_DIRECT_OBJC_ISA_USAGE = YES_ERROR;
				CLANG_WARN_DOCUMENTATION_COMMENTS = YES;
				CLANG_WARN_EMPTY_BODY = YES;
				CLANG_WARN_ENUM_CONVERSION = YES;
				CLANG_WARN_INFINITE_RECURSION = YES;
				CLANG_WARN_INT_CONVERSION = YES;
				CLANG_WARN_NON_LITERAL_NULL_CONVERSION = YES;
				CLANG_WARN_OBJC_IMPLICIT_RETAIN_SELF = YES;
				CLANG_WARN_OBJC_LITERAL_CONVERSION = YES;
				CLANG_WARN_OBJC_ROOT_CLASS = YES_ERROR;
				CLANG_WARN_QUOTED_INCLUDE_IN_FRAMEWORK_HEADER = YES;
				CLANG_WARN_RANGE_LOOP_ANALYSIS = YES;
				CLANG_WARN_STRICT_PROTOTYPES = YES;
				CLANG_WARN_SUSPICIOUS_MOVE = YES;
				CLANG_WARN_UNGUARDED_AVAILABILITY = YES_AGGRESSIVE;
				CLANG_WARN_UNREACHABLE_CODE = YES;
				CLANG_WARN__DUPLICATE_METHOD_MATCH = YES;
				COPY_PHASE_STRIP = NO;
				DEBUG_INFORMATION_FORMAT = "dwarf-with-dsym";
				ENABLE_NS_ASSERTIONS = NO;
				ENABLE_STRICT_OBJC_MSGSEND = YES;
				GCC_C_LANGUAGE_STANDARD = gnu11;
				GCC_NO_COMMON_BLOCKS = YES;
				GCC_WARN_64_TO_32_BIT_CONVERSION = YES;
				GCC_WARN_ABOUT_RETURN_TYPE = YES_ERROR;
				GCC_WARN_UNDECLARED_SELECTOR = YES;
				GCC_WARN_UNINITIALIZED_AUTOS = YES_AGGRESSIVE;
				GCC_WARN_UNUSED_FUNCTION = YES;
				GCC_WARN_UNUSED_VARIABLE = YES;
				IPHONEOS_DEPLOYMENT_TARGET = 16.4;
				MTL_ENABLE_DEBUG_INFO = NO;
				MTL_FAST_MATH = YES;
				SDKROOT = iphoneos;
				SWIFT_COMPILATION_MODE = wholemodule;
				SWIFT_OPTIMIZATION_LEVEL = "-O";
				VALIDATE_PRODUCT = YES;
			};
			name = Release;
		};
		AB4A883B2A7BBB5200F95E3B /* Debug */ = {
			isa = XCBuildConfiguration;
			buildSettings = {
				ASSETCATALOG_COMPILER_APPICON_NAME = AppIcon;
				ASSETCATALOG_COMPILER_GLOBAL_ACCENT_COLOR_NAME = AccentColor;
				CODE_SIGN_STYLE = Automatic;
				CURRENT_PROJECT_VERSION = 1;
				DEVELOPMENT_ASSET_PATHS = "\"Roll Dice/Preview Content\"";
				DEVELOPMENT_TEAM = 43YQFDZNH8;
				ENABLE_PREVIEWS = YES;
				GENERATE_INFOPLIST_FILE = YES;
				INFOPLIST_KEY_UIApplicationSceneManifest_Generation = YES;
				INFOPLIST_KEY_UIApplicationSupportsIndirectInputEvents = YES;
				INFOPLIST_KEY_UILaunchScreen_Generation = YES;
				INFOPLIST_KEY_UISupportedInterfaceOrientations_iPad = "UIInterfaceOrientationPortrait UIInterfaceOrientationPortraitUpsideDown UIInterfaceOrientationLandscapeLeft UIInterfaceOrientationLandscapeRight";
				INFOPLIST_KEY_UISupportedInterfaceOrientations_iPhone = "UIInterfaceOrientationPortrait UIInterfaceOrientationLandscapeLeft UIInterfaceOrientationLandscapeRight";
				LD_RUNPATH_SEARCH_PATHS = (
					"$(inherited)",
					"@executable_path/Frameworks",
				);
				MARKETING_VERSION = 1.0;
				PRODUCT_BUNDLE_IDENTIFIER = "ru.artembolotov.Roll-Dice";
				PRODUCT_NAME = "$(TARGET_NAME)";
				SWIFT_EMIT_LOC_STRINGS = YES;
				SWIFT_VERSION = 5.0;
				TARGETED_DEVICE_FAMILY = "1,2";
			};
			name = Debug;
		};
		AB4A883C2A7BBB5200F95E3B /* Release */ = {
			isa = XCBuildConfiguration;
			buildSettings = {
				ASSETCATALOG_COMPILER_APPICON_NAME = AppIcon;
				ASSETCATALOG_COMPILER_GLOBAL_ACCENT_COLOR_NAME = AccentColor;
				CODE_SIGN_STYLE = Automatic;
				CURRENT_PROJECT_VERSION = 1;
				DEVELOPMENT_ASSET_PATHS = "\"Roll Dice/Preview Content\"";
				DEVELOPMENT_TEAM = 43YQFDZNH8;
				ENABLE_PREVIEWS = YES;
				GENERATE_INFOPLIST_FILE = YES;
				INFOPLIST_KEY_UIApplicationSceneManifest_Generation = YES;
				INFOPLIST_KEY_UIApplicationSupportsIndirectInputEvents = YES;
				INFOPLIST_KEY_UILaunchScreen_Generation = YES;
				INFOPLIST_KEY_UISupportedInterfaceOrientations_iPad = "UIInterfaceOrientationPortrait UIInterfaceOrientationPortraitUpsideDown UIInterfaceOrientationLandscapeLeft UIInterfaceOrientationLandscapeRight";
				INFOPLIST_KEY_UISupportedInterfaceOrientations_iPhone = "UIInterfaceOrientationPortrait UIInterfaceOrientationLandscapeLeft UIInterfaceOrientationLandscapeRight";
				LD_RUNPATH_SEARCH_PATHS = (
					"$(inherited)",
					"@executable_path/Frameworks",
				);
				MARKETING_VERSION = 1.0;
				PRODUCT_BUNDLE_IDENTIFIER = "ru.artembolotov.Roll-Dice";
				PRODUCT_NAME = "$(TARGET_NAME)";
				SWIFT_EMIT_LOC_STRINGS = YES;
				SWIFT_VERSION = 5.0;
				TARGETED_DEVICE_FAMILY = "1,2";
			};
			name = Release;
		};
/* End XCBuildConfiguration section */

/* Begin XCConfigurationList section */
		AB4A88272A7BBB4D00F95E3B /* Build configuration list for PBXProject "Roll Dice" */ = {
			isa = XCConfigurationList;
			buildConfigurations = (
				AB4A88382A7BBB5200F95E3B /* Debug */,
				AB4A88392A7BBB5200F95E3B /* Release */,
			);
			defaultConfigurationIsVisible = 0;
			defaultConfigurationName = Release;
		};
		AB4A883A2A7BBB5200F95E3B /* Build configuration list for PBXNativeTarget "Roll Dice" */ = {
			isa = XCConfigurationList;
			buildConfigurations = (
				AB4A883B2A7BBB5200F95E3B /* Debug */,
				AB4A883C2A7BBB5200F95E3B /* Release */,
			);
			defaultConfigurationIsVisible = 0;
			defaultConfigurationName = Release;
		};
/* End XCConfigurationList section */
	};
	rootObject = AB4A88242A7BBB4D00F95E3B /* Project object */;
}
